
Microsoft Visual Studio Solution File, Format Version 12.00
# Visual Studio Version 16
VisualStudioVersion = 16.0.30523.141
MinimumVisualStudioVersion = 10.0.40219.1
Project("{FAE04EC0-301F-11D3-BF4B-00C04F79EFBC}") = "Problema 1", "Problema 1.csproj", "{6B45AEF0-8133-4542-949C-095DCF6987BA}"
EndProject
Global
	GlobalSection(SolutionConfigurationPlatforms) = preSolution
		Debug|Any CPU = Debug|Any CPU
		Release|Any CPU = Release|Any CPU
	EndGlobalSection
	GlobalSection(ProjectConfigurationPlatforms) = postSolution
		{6B45AEF0-8133-4542-949C-095DCF6987BA}.Debug|Any CPU.ActiveCfg = Debug|Any CPU
		{6B45AEF0-8133-4542-949C-095DCF6987BA}.Debug|Any CPU.Build.0 = Debug|Any CPU
		{6B45AEF0-8133-4542-949C-095DCF6987BA}.Release|Any CPU.ActiveCfg = Release|Any CPU
		{6B45AEF0-8133-4542-949C-095DCF6987BA}.Release|Any CPU.Build.0 = Release|Any CPU
	EndGlobalSection
	GlobalSection(SolutionProperties) = preSolution
		HideSolutionNode = FALSE
	EndGlobalSection
	GlobalSection(ExtensibilityGlobals) = postSolution
		SolutionGuid = {11A1C971-AD96-4C7B-9481-17CB6AA4EB95}
	EndGlobalSection
EndGlobal
