
Microsoft Visual Studio Solution File, Format Version 12.00
# Visual Studio Version 16
VisualStudioVersion = 16.0.30523.141
MinimumVisualStudioVersion = 10.0.40219.1
Project("{FAE04EC0-301F-11D3-BF4B-00C04F79EFBC}") = "Problema 6 FP", "Problema 6 FP.csproj", "{C416443E-6E13-437A-86E9-E8638E07B04F}"
EndProject
Global
	GlobalSection(SolutionConfigurationPlatforms) = preSolution
		Debug|Any CPU = Debug|Any CPU
		Release|Any CPU = Release|Any CPU
	EndGlobalSection
	GlobalSection(ProjectConfigurationPlatforms) = postSolution
		{C416443E-6E13-437A-86E9-E8638E07B04F}.Debug|Any CPU.ActiveCfg = Debug|Any CPU
		{C416443E-6E13-437A-86E9-E8638E07B04F}.Debug|Any CPU.Build.0 = Debug|Any CPU
		{C416443E-6E13-437A-86E9-E8638E07B04F}.Release|Any CPU.ActiveCfg = Release|Any CPU
		{C416443E-6E13-437A-86E9-E8638E07B04F}.Release|Any CPU.Build.0 = Release|Any CPU
	EndGlobalSection
	GlobalSection(SolutionProperties) = preSolution
		HideSolutionNode = FALSE
	EndGlobalSection
	GlobalSection(ExtensibilityGlobals) = postSolution
		SolutionGuid = {2B189E3E-A8F7-4363-A6AE-22790C19085D}
	EndGlobalSection
EndGlobal
