
Microsoft Visual Studio Solution File, Format Version 12.00
# Visual Studio Version 16
VisualStudioVersion = 16.0.30523.141
MinimumVisualStudioVersion = 10.0.40219.1
Project("{FAE04EC0-301F-11D3-BF4B-00C04F79EFBC}") = "Problema 8 FP", "Problema 8 FP.csproj", "{580DC891-BD2B-4488-8D37-E4CAE7749637}"
EndProject
Global
	GlobalSection(SolutionConfigurationPlatforms) = preSolution
		Debug|Any CPU = Debug|Any CPU
		Release|Any CPU = Release|Any CPU
	EndGlobalSection
	GlobalSection(ProjectConfigurationPlatforms) = postSolution
		{580DC891-BD2B-4488-8D37-E4CAE7749637}.Debug|Any CPU.ActiveCfg = Debug|Any CPU
		{580DC891-BD2B-4488-8D37-E4CAE7749637}.Debug|Any CPU.Build.0 = Debug|Any CPU
		{580DC891-BD2B-4488-8D37-E4CAE7749637}.Release|Any CPU.ActiveCfg = Release|Any CPU
		{580DC891-BD2B-4488-8D37-E4CAE7749637}.Release|Any CPU.Build.0 = Release|Any CPU
	EndGlobalSection
	GlobalSection(SolutionProperties) = preSolution
		HideSolutionNode = FALSE
	EndGlobalSection
	GlobalSection(ExtensibilityGlobals) = postSolution
		SolutionGuid = {80554B9E-9BC1-473D-A845-FFC20584F196}
	EndGlobalSection
EndGlobal
