
Microsoft Visual Studio Solution File, Format Version 12.00
# Visual Studio Version 16
VisualStudioVersion = 16.0.30523.141
MinimumVisualStudioVersion = 10.0.40219.1
Project("{FAE04EC0-301F-11D3-BF4B-00C04F79EFBC}") = "Problema 13 FP", "Problema 13 FP.csproj", "{31E43B70-04E9-48CE-81CD-80D16025FCDE}"
EndProject
Global
	GlobalSection(SolutionConfigurationPlatforms) = preSolution
		Debug|Any CPU = Debug|Any CPU
		Release|Any CPU = Release|Any CPU
	EndGlobalSection
	GlobalSection(ProjectConfigurationPlatforms) = postSolution
		{31E43B70-04E9-48CE-81CD-80D16025FCDE}.Debug|Any CPU.ActiveCfg = Debug|Any CPU
		{31E43B70-04E9-48CE-81CD-80D16025FCDE}.Debug|Any CPU.Build.0 = Debug|Any CPU
		{31E43B70-04E9-48CE-81CD-80D16025FCDE}.Release|Any CPU.ActiveCfg = Release|Any CPU
		{31E43B70-04E9-48CE-81CD-80D16025FCDE}.Release|Any CPU.Build.0 = Release|Any CPU
	EndGlobalSection
	GlobalSection(SolutionProperties) = preSolution
		HideSolutionNode = FALSE
	EndGlobalSection
	GlobalSection(ExtensibilityGlobals) = postSolution
		SolutionGuid = {0555C7ED-7760-414D-95B1-954E34853EC6}
	EndGlobalSection
EndGlobal
